
Microsoft Visual Studio Solution File, Format Version 12.00
# Visual Studio Version 17
VisualStudioVersion = 17.0.31903.59
MinimumVisualStudioVersion = 10.0.40219.1
Project("{FAE04EC0-301F-11D3-BF4B-00C04F79EFBC}") = "Singleton.Core", "src\Singleton.Core.csproj", "{D3F7D048-CB73-4084-9616-EC732F5B95C4}"
EndProject
Project("{FAE04EC0-301F-11D3-BF4B-00C04F79EFBC}") = "Singleton.Tests", "tests\Singleton.Tests.csproj", "{D299EF1C-A1BA-4B31-AE88-0D0372519807}"
EndProject
Global
	GlobalSection(SolutionConfigurationPlatforms) = preSolution
		Debug|Any CPU = Debug|Any CPU
		Release|Any CPU = Release|Any CPU
	EndGlobalSection
	GlobalSection(SolutionProperties) = preSolution
		HideSolutionNode = FALSE
	EndGlobalSection
	GlobalSection(ProjectConfigurationPlatforms) = postSolution
		{D3F7D048-CB73-4084-9616-EC732F5B95C4}.Debug|Any CPU.ActiveCfg = Debug|Any CPU
		{D3F7D048-CB73-4084-9616-EC732F5B95C4}.Debug|Any CPU.Build.0 = Debug|Any CPU
		{D3F7D048-CB73-4084-9616-EC732F5B95C4}.Release|Any CPU.ActiveCfg = Release|Any CPU
		{D3F7D048-CB73-4084-9616-EC732F5B95C4}.Release|Any CPU.Build.0 = Release|Any CPU
		{D299EF1C-A1BA-4B31-AE88-0D0372519807}.Debug|Any CPU.ActiveCfg = Debug|Any CPU
		{D299EF1C-A1BA-4B31-AE88-0D0372519807}.Debug|Any CPU.Build.0 = Debug|Any CPU
		{D299EF1C-A1BA-4B31-AE88-0D0372519807}.Release|Any CPU.ActiveCfg = Release|Any CPU
		{D299EF1C-A1BA-4B31-AE88-0D0372519807}.Release|Any CPU.Build.0 = Release|Any CPU
	EndGlobalSection
EndGlobal
